<?xml version="1.0" encoding="utf-8"?>
<Project ToolsVersion="4.0" xmlns="http://schemas.microsoft.com/developer/msbuild/2003">
  <ItemGroup>
    <Filter Include="Source Files">
      <UniqueIdentifier>{4FC737F1-C7A5-4376-A066-2A32D752A2FF}</UniqueIdentifier>
      <Extensions>cpp;c;cc;cxx;def;odl;idl;hpj;bat;asm;asmx</Extensions>
    </Filter>
    <Filter Include="Resource Files">
      <UniqueIdentifier>{67DA6AB6-F800-4c08-8B7A-83BB121AAD01}</UniqueIdentifier>
      <Extensions>rc;ico;cur;bmp;dlg;rc2;rct;bin;rgs;gif;jpg;jpeg;jpe;resx;tiff;tif;png;wav;mfcribbon-ms</Extensions>
    </Filter>
    <Filter Include="Source Files\external">
      <UniqueIdentifier>{e9aa5a6c-a46c-4597-9882-bd00a0b5e816}</UniqueIdentifier>
    </Filter>
    <Filter Include="Shaders">
      <UniqueIdentifier>{31bbfadc-ed44-479c-a493-1762f6b9f0e8}</UniqueIdentifier>
    </Filter>
    <Filter Include="Source Files\3rdParty">
      <UniqueIdentifier>{aa668f33-f00c-49cd-8d84-d5d2bee0e872}</UniqueIdentifier>
    </Filter>
    <Filter Include="Source Files\3rdParty\TinyXML">
      <UniqueIdentifier>{ac3e6d50-6805-4923-94aa-63d07ad5c9d0}</UniqueIdentifier>
    </Filter>
    <Filter Include="Source Files\3rdParty\FastDelegate">
      <UniqueIdentifier>{17b9cbfb-f319-4ec3-8073-2e88b99f7e4c}</UniqueIdentifier>
    </Filter>
    <Filter Include="Source Files\3rdParty\LEAP">
      <UniqueIdentifier>{2da89980-e61c-41a3-bd32-dcc38f76d4a8}</UniqueIdentifier>
    </Filter>
    <Filter Include="Source Files\Graphics3D">
      <UniqueIdentifier>{9804e6cb-c611-44bd-aff2-422fbb8a4653}</UniqueIdentifier>
    </Filter>
    <Filter Include="Source Files\Actors">
      <UniqueIdentifier>{240fee99-7ef7-447f-84a8-d09d57187bdd}</UniqueIdentifier>
    </Filter>
    <Filter Include="Source Files\Utils">
      <UniqueIdentifier>{fc2153e2-4ed7-4f06-848b-24f36860ebea}</UniqueIdentifier>
    </Filter>
    <Filter Include="Source Files\Actors\Steering">
      <UniqueIdentifier>{f255cc1d-85c7-4138-bdfd-18feb7b46a1f}</UniqueIdentifier>
    </Filter>
    <Filter Include="Source Files\Events">
      <UniqueIdentifier>{d361f18f-eef1-4a03-a866-fe7727cbca2b}</UniqueIdentifier>
    </Filter>
    <Filter Include="Source Files\Input">
      <UniqueIdentifier>{70b8d809-6f38-4203-a374-452aa2b6e5e1}</UniqueIdentifier>
    </Filter>
  </ItemGroup>
  <ItemGroup>
    <ClInclude Include="3rdParty\TinyXML\tinystr.h">
      <Filter>Source Files\3rdParty\TinyXML</Filter>
    </ClInclude>
    <ClInclude Include="3rdParty\TinyXML\tinyxml.h">
      <Filter>Source Files\3rdParty\TinyXML</Filter>
    </ClInclude>
    <ClInclude Include="3rdParty\FastDelegate\FastDelegate.h">
      <Filter>Source Files\3rdParty\FastDelegate</Filter>
    </ClInclude>
    <ClInclude Include="3rdParty\FastDelegate\FastDelegateBind.h">
      <Filter>Source Files\3rdParty\FastDelegate</Filter>
    </ClInclude>
    <ClInclude Include="src\RotationAnimatorComponent.h">
      <Filter>Source Files\Actors</Filter>
    </ClInclude>
    <ClInclude Include="src\SphereRenderComponent.h">
      <Filter>Source Files\Actors</Filter>
    </ClInclude>
    <ClInclude Include="src\TransformComponent.h">
      <Filter>Source Files\Actors</Filter>
    </ClInclude>
    <ClInclude Include="src\Actor.h">
      <Filter>Source Files\Actors</Filter>
    </ClInclude>
    <ClInclude Include="src\ActorComponent.h">
      <Filter>Source Files\Actors</Filter>
    </ClInclude>
    <ClInclude Include="src\BoxRenderComponent.h">
      <Filter>Source Files\Actors</Filter>
    </ClInclude>
    <ClInclude Include="src\Geometry.h">
      <Filter>Source Files\Graphics3D</Filter>
    </ClInclude>
    <ClInclude Include="src\Lights.h">
      <Filter>Source Files\Graphics3D</Filter>
    </ClInclude>
    <ClInclude Include="src\Scene.h">
      <Filter>Source Files\Graphics3D</Filter>
    </ClInclude>
    <ClInclude Include="src\SceneNode.h">
      <Filter>Source Files\Graphics3D</Filter>
    </ClInclude>
    <ClInclude Include="src\CameraNode.h">
      <Filter>Source Files\Graphics3D</Filter>
    </ClInclude>
    <ClInclude Include="src\ConstantBuffers.h">
      <Filter>Source Files\Graphics3D</Filter>
    </ClInclude>
    <ClInclude Include="src\D3DRenderer.h">
      <Filter>Source Files\Graphics3D</Filter>
    </ClInclude>
    <ClInclude Include="src\d3dApp.h">
      <Filter>Source Files</Filter>
    </ClInclude>
    <ClInclude Include="src\d3dStd.h">
      <Filter>Source Files</Filter>
    </ClInclude>
    <ClInclude Include="src\GameTimer.h">
      <Filter>Source Files</Filter>
    </ClInclude>
    <ClInclude Include="src\MathHelper.h">
      <Filter>Source Files</Filter>
    </ClInclude>
    <ClInclude Include="src\TestApp1.h">
      <Filter>Source Files</Filter>
    </ClInclude>
    <ClInclude Include="src\dxerr.h">
      <Filter>Source Files\external</Filter>
    </ClInclude>
    <ClInclude Include="src\MeshRenderComponent.h">
      <Filter>Source Files\Actors</Filter>
    </ClInclude>
    <ClInclude Include="src\Interfaces.h">
      <Filter>Source Files\Utils</Filter>
    </ClInclude>
    <ClInclude Include="src\Templates.h">
      <Filter>Source Files\Utils</Filter>
    </ClInclude>
    <ClInclude Include="src\Events.h">
      <Filter>Source Files\Events</Filter>
    </ClInclude>
    <ClInclude Include="src\KinematicComponent.h">
      <Filter>Source Files\Actors</Filter>
    </ClInclude>
    <ClInclude Include="src\Steering.h">
      <Filter>Source Files\Actors\Steering</Filter>
    </ClInclude>
    <ClInclude Include="src\BoidManager.h">
      <Filter>Source Files\Actors</Filter>
    </ClInclude>
    <ClInclude Include="src\CohesionSteering.h">
      <Filter>Source Files\Actors\Steering</Filter>
    </ClInclude>
    <ClInclude Include="src\BoidSteering.h">
      <Filter>Source Files\Actors\Steering</Filter>
    </ClInclude>
    <ClInclude Include="src\AlignSteering.h">
      <Filter>Source Files\Actors\Steering</Filter>
    </ClInclude>
    <ClInclude Include="src\StringUtils.h">
      <Filter>Source Files\Utils</Filter>
    </ClInclude>
    <ClInclude Include="src\EventSystem.h">
      <Filter>Source Files\Events</Filter>
    </ClInclude>
    <ClInclude Include="src\InputSystem.h">
      <Filter>Source Files\Input</Filter>
    </ClInclude>
    <ClInclude Include="src\KeyboardState.h">
      <Filter>Source Files\Input</Filter>
    </ClInclude>
    <ClInclude Include="src\MouseState.h">
      <Filter>Source Files\Input</Filter>
    </ClInclude>
    <ClInclude Include="src\SeparationSteering.h">
      <Filter>Source Files\Actors\Steering</Filter>
    </ClInclude>
  </ItemGroup>
  <ItemGroup>
    <ClCompile Include="3rdParty\TinyXML\tinystr.cpp">
      <Filter>Source Files\3rdParty\TinyXML</Filter>
    </ClCompile>
    <ClCompile Include="3rdParty\TinyXML\tinyxml.cpp">
      <Filter>Source Files\3rdParty\TinyXML</Filter>
    </ClCompile>
    <ClCompile Include="3rdParty\TinyXML\tinyxmlerror.cpp">
      <Filter>Source Files\3rdParty\TinyXML</Filter>
    </ClCompile>
    <ClCompile Include="3rdParty\TinyXML\tinyxmlparser.cpp">
      <Filter>Source Files\3rdParty\TinyXML</Filter>
    </ClCompile>
    <ClCompile Include="3rdParty\FastDelegate\Demo.cpp">
      <Filter>Source Files\3rdParty\FastDelegate</Filter>
    </ClCompile>
    <ClCompile Include="src\SphereRenderComponent.cpp">
      <Filter>Source Files\Actors</Filter>
    </ClCompile>
    <ClCompile Include="src\TransformComponent.cpp">
      <Filter>Source Files\Actors</Filter>
    </ClCompile>
    <ClCompile Include="src\Actor.cpp">
      <Filter>Source Files\Actors</Filter>
    </ClCompile>
    <ClCompile Include="src\BoxRenderComponent.cpp">
      <Filter>Source Files\Actors</Filter>
    </ClCompile>
    <ClCompile Include="src\RotationAnimatorComponent.cpp">
      <Filter>Source Files\Actors</Filter>
    </ClCompile>
    <ClCompile Include="src\Geometry.cpp">
      <Filter>Source Files\Graphics3D</Filter>
    </ClCompile>
    <ClCompile Include="src\Scene.cpp">
      <Filter>Source Files\Graphics3D</Filter>
    </ClCompile>
    <ClCompile Include="src\SceneNode.cpp">
      <Filter>Source Files\Graphics3D</Filter>
    </ClCompile>
    <ClCompile Include="src\D3DRenderer.cpp">
      <Filter>Source Files\Graphics3D</Filter>
    </ClCompile>
    <ClCompile Include="src\GameTimer.cpp">
      <Filter>Source Files</Filter>
    </ClCompile>
    <ClCompile Include="src\MathHelper.cpp">
      <Filter>Source Files</Filter>
    </ClCompile>
    <ClCompile Include="src\TestApp1.cpp">
      <Filter>Source Files</Filter>
    </ClCompile>
    <ClCompile Include="src\d3dApp.cpp">
      <Filter>Source Files</Filter>
    </ClCompile>
    <ClCompile Include="src\dxerr.cpp">
      <Filter>Source Files\external</Filter>
    </ClCompile>
    <ClCompile Include="src\MeshRenderComponent.cpp">
      <Filter>Source Files\Actors</Filter>
    </ClCompile>
    <ClCompile Include="src\KinematicComponent.cpp">
      <Filter>Source Files\Actors</Filter>
    </ClCompile>
    <ClCompile Include="src\BoidManager.cpp">
      <Filter>Source Files\Actors</Filter>
    </ClCompile>
    <ClCompile Include="src\CohesionSteering.cpp">
      <Filter>Source Files\Actors\Steering</Filter>
    </ClCompile>
    <ClCompile Include="src\StringUtils.cpp">
      <Filter>Source Files\Utils</Filter>
    </ClCompile>
    <ClCompile Include="src\Events.cpp">
      <Filter>Source Files\Events</Filter>
    </ClCompile>
    <ClCompile Include="src\EventSystem.cpp">
      <Filter>Source Files\Events</Filter>
    </ClCompile>
    <ClCompile Include="src\KeyboardState.cpp">
      <Filter>Source Files\Input</Filter>
    </ClCompile>
    <ClCompile Include="src\MouseState.cpp">
      <Filter>Source Files\Input</Filter>
    </ClCompile>
    <ClCompile Include="src\InputSystem.cpp">
      <Filter>Source Files\Input</Filter>
    </ClCompile>
    <ClCompile Include="src\AlignSteering.cpp">
      <Filter>Source Files\Actors\Steering</Filter>
    </ClCompile>
    <ClCompile Include="src\SeparationSteering.cpp">
      <Filter>Source Files\Actors\Steering</Filter>
    </ClCompile>
  </ItemGroup>
  <ItemGroup>
    <FxCompile Include="color.fx">
      <Filter>Shaders</Filter>
    </FxCompile>
    <FxCompile Include="color_PS.hlsl">
      <Filter>Shaders</Filter>
    </FxCompile>
    <FxCompile Include="color_VS.hlsl">
      <Filter>Shaders</Filter>
    </FxCompile>
  </ItemGroup>
</Project>